
Microsoft Visual Studio Solution File, Format Version 12.00
# Visual Studio Version 16
VisualStudioVersion = 16.0.30204.51
MinimumVisualStudioVersion = 10.0.40219.1
Project("{FAE04EC0-301F-11D3-BF4B-00C04F79EFBC}") = "VV", "VV\VV.csproj", "{F33B7B99-28F3-4866-BA1F-346AB3189467}"
EndProject
Global
	GlobalSection(SolutionConfigurationPlatforms) = preSolution
		Debug|Any CPU = Debug|Any CPU
		Release|Any CPU = Release|Any CPU
	EndGlobalSection
	GlobalSection(ProjectConfigurationPlatforms) = postSolution
		{F33B7B99-28F3-4866-BA1F-346AB3189467}.Debug|Any CPU.ActiveCfg = Debug|Any CPU
		{F33B7B99-28F3-4866-BA1F-346AB3189467}.Debug|Any CPU.Build.0 = Debug|Any CPU
		{F33B7B99-28F3-4866-BA1F-346AB3189467}.Release|Any CPU.ActiveCfg = Release|Any CPU
		{F33B7B99-28F3-4866-BA1F-346AB3189467}.Release|Any CPU.Build.0 = Release|Any CPU
	EndGlobalSection
	GlobalSection(SolutionProperties) = preSolution
		HideSolutionNode = FALSE
	EndGlobalSection
	GlobalSection(ExtensibilityGlobals) = postSolution
		SolutionGuid = {C1DF345A-7255-4872-9F8B-8803A6BB025A}
	EndGlobalSection
EndGlobal
