{
  "requires": true,
  "lockfileVersion": 1,
  "dependencies": {
    "three": {
      "version": "0.118.3",
      "resolved": "https://registry.npmjs.org/three/-/three-0.118.3.tgz",
      "integrity": "sha512-ijECXrNzDkHieoeh2H69kgawTGH8DiamhR4uBN8jEM7VHSKvfTdEvOoHsA8Aq7dh7PHAxhlqBsN5arBI3KixSw=="
    },
    "three-gltf-loader": {
      "version": "1.111.0",
      "resolved": "https://registry.npmjs.org/three-gltf-loader/-/three-gltf-loader-1.111.0.tgz",
      "integrity": "sha512-f2d6J5sMEC+dvRcpRjE8g9vqtvpNfnR7bgd+R7Y0dj2mmHwKN5luKe/WYA0Z9+j7mhjla/AC5DGxdXsu8wFhug=="
    }
  }
}
